{
  "name": "svelte-app",
  "version": "1.0.0",
  "lockfileVersion": 1,
  "requires": true,
  "dependencies": {
    "culori": {
      "version": "0.18.0",
      "resolved": "https://registry.npmjs.org/culori/-/culori-0.18.0.tgz",
      "integrity": "sha512-XWzL8vnSDAuwGYv4+9XwG0+G5rkAHUkdIb3hzsS4F+OiHNfieXDHg59iSTRxCaJd+CgIczi9HakwX0cexlsyyg==",
      "dev": true
    }
  }
}
